
Microsoft Visual Studio Solution File, Format Version 12.00
# Visual Studio Version 17
VisualStudioVersion = 17.10.34928.147
MinimumVisualStudioVersion = 10.0.40219.1
Project("{FAE04EC0-301F-11D3-BF4B-00C04F79EFBC}") = "Final", "Final.csproj", "{6BD80836-96D3-400A-96D8-71FF75E00F56}"
EndProject
Project("{FAE04EC0-301F-11D3-BF4B-00C04F79EFBC}") = "Final.DAL", "..\Final.DAL\Final.DAL.csproj", "{299CC671-4D76-4D9A-B831-40CD28701986}"
EndProject
Project("{FAE04EC0-301F-11D3-BF4B-00C04F79EFBC}") = "Final.BLL", "..\Final.BLL\Final.BLL.csproj", "{A81CD07E-3AA8-4983-8C02-D2396A034D9A}"
EndProject
Project("{FAE04EC0-301F-11D3-BF4B-00C04F79EFBC}") = "Final.Models", "..\Final.Models\Final.Models.csproj", "{A2C843ED-8B55-4CE7-A0F0-D9D9F6E42C5D}"
EndProject
Global
	GlobalSection(SolutionConfigurationPlatforms) = preSolution
		Debug|Any CPU = Debug|Any CPU
		Release|Any CPU = Release|Any CPU
	EndGlobalSection
	GlobalSection(ProjectConfigurationPlatforms) = postSolution
		{6BD80836-96D3-400A-96D8-71FF75E00F56}.Debug|Any CPU.ActiveCfg = Debug|Any CPU
		{6BD80836-96D3-400A-96D8-71FF75E00F56}.Debug|Any CPU.Build.0 = Debug|Any CPU
		{6BD80836-96D3-400A-96D8-71FF75E00F56}.Release|Any CPU.ActiveCfg = Release|Any CPU
		{6BD80836-96D3-400A-96D8-71FF75E00F56}.Release|Any CPU.Build.0 = Release|Any CPU
		{299CC671-4D76-4D9A-B831-40CD28701986}.Debug|Any CPU.ActiveCfg = Debug|Any CPU
		{299CC671-4D76-4D9A-B831-40CD28701986}.Debug|Any CPU.Build.0 = Debug|Any CPU
		{299CC671-4D76-4D9A-B831-40CD28701986}.Release|Any CPU.ActiveCfg = Release|Any CPU
		{299CC671-4D76-4D9A-B831-40CD28701986}.Release|Any CPU.Build.0 = Release|Any CPU
		{A81CD07E-3AA8-4983-8C02-D2396A034D9A}.Debug|Any CPU.ActiveCfg = Debug|Any CPU
		{A81CD07E-3AA8-4983-8C02-D2396A034D9A}.Debug|Any CPU.Build.0 = Debug|Any CPU
		{A81CD07E-3AA8-4983-8C02-D2396A034D9A}.Release|Any CPU.ActiveCfg = Release|Any CPU
		{A81CD07E-3AA8-4983-8C02-D2396A034D9A}.Release|Any CPU.Build.0 = Release|Any CPU
		{A2C843ED-8B55-4CE7-A0F0-D9D9F6E42C5D}.Debug|Any CPU.ActiveCfg = Debug|Any CPU
		{A2C843ED-8B55-4CE7-A0F0-D9D9F6E42C5D}.Debug|Any CPU.Build.0 = Debug|Any CPU
		{A2C843ED-8B55-4CE7-A0F0-D9D9F6E42C5D}.Release|Any CPU.ActiveCfg = Release|Any CPU
		{A2C843ED-8B55-4CE7-A0F0-D9D9F6E42C5D}.Release|Any CPU.Build.0 = Release|Any CPU
	EndGlobalSection
	GlobalSection(SolutionProperties) = preSolution
		HideSolutionNode = FALSE
	EndGlobalSection
	GlobalSection(ExtensibilityGlobals) = postSolution
		SolutionGuid = {21D88D54-700A-45BA-9211-3C1DAC2136B9}
	EndGlobalSection
EndGlobal
